# THIS IS AN AUTOGENERATED FILE. DO NOT EDIT THIS FILE DIRECTLY.
# yarn lockfile v1


"@ant-design/colors@^6.0.0":
  version "6.0.0"
  resolved "https://registry.npm.alibaba-inc.com/@ant-design/colors/download/@ant-design/colors-6.0.0.tgz#9b9366257cffcc47db42b9d0203bb592c13c0298"
  integrity sha1-m5NmJXz/zEfbQrnQIDu1ksE8Apg=
  dependencies:
    "@ctrl/tinycolor" "^3.4.0"

"@ant-design/icons-svg@^4.2.1":
  version "4.2.1"
  resolved "https://registry.npm.alibaba-inc.com/@ant-design/icons-svg/download/@ant-design/icons-svg-4.2.1.tgz#8630da8eb4471a4aabdaed7d1ff6a97dcb2cf05a"
  integrity sha1-hjDajrRHGkqr2u19H/apfcss8Fo=

"@ant-design/icons@^4.6.4":
  version "4.7.0"
  resolved "https://registry.npm.alibaba-inc.com/@ant-design/icons/download/@ant-design/icons-4.7.0.tgz#8c3cbe0a556ba92af5dc7d1e70c0b25b5179af0f"
  integrity sha1-jDy+ClVrqSr13H0ecMCyW1F5rw8=
  dependencies:
    "@ant-design/colors" "^6.0.0"
    "@ant-design/icons-svg" "^4.2.1"
    "@babel/runtime" "^7.11.2"
    classnames "^2.2.6"
    rc-util "^5.9.4"

"@babel/runtime@^7.0.0", "@babel/runtime@^7.11.2", "@babel/runtime@^7.12.5":
  version "7.17.9"
  resolved "https://registry.npm.alibaba-inc.com/@babel/runtime/download/@babel/runtime-7.17.9.tgz#d19fbf802d01a8cb6cf053a64e472d42c434ba72"
  integrity sha512-lSiBBvodq29uShpWGNbgFdKYNiFDo5/HIYsaCEY9ff4sb10x9jizo2+pRrSyF4jKZCXqgzuqBOQKbUm90gQwJg==
  dependencies:
    regenerator-runtime "^0.13.4"

"@ctrl/tinycolor@^3.4.0":
  version "3.4.0"
  resolved "https://registry.npm.alibaba-inc.com/@ctrl/tinycolor/download/@ctrl/tinycolor-3.4.0.tgz#c3c5ae543c897caa9c2a68630bed355be5f9990f"
  integrity sha1-w8WuVDyJfKqcKmhjC+01W+X5mQ8=

"@opensumi/di@^1.1.0":
  version "1.1.0"
  resolved "https://registry.npm.alibaba-inc.com/@opensumi/di/download/@opensumi/di-1.1.0.tgz#18320bc5cb7f39092b1540320fb2bb397291cbaf"
  integrity sha512-O4dho1UcUDch4LLrDRr2GhIHGNZ7tw86tughGMdjTpJ+rNWr8MHJUGWT3N+qcYLl0trxoCCSRy93QvE1DiVVcw==
  dependencies:
    reflect-metadata "^0.1.12"
    tslib "^1.9.3"

"@opensumi/ide-components@2.16.6":
  version "2.16.6"
  resolved "https://registry.npm.alibaba-inc.com/@opensumi/ide-components/download/@opensumi/ide-components-2.16.6.tgz#10fa911320967231bff0e35cfe669d7aec26183a"
  integrity sha512-uYoV0BlOQZPKgkOZE+3m33pEOGdPgJWJ17HDt3vvimB6pvE7wFbL1V6+OwYy8iGsmkb7q4nAqxu9Hq3RivzROg==
  dependencies:
    "@ant-design/icons" "^4.6.4"
    "@types/react-window" "^1.8.5"
    fuzzy "^0.1.3"
    lodash "^4.17.15"
    raf "^3.4.1"
    rc-dialog "~7.6.0"
    rc-dropdown "~2.4.1"
    rc-menu "~7.5.1"
    rc-notification "~3.3.1"
    rc-util "^4.16.1"
    react-ctxmenu-trigger "^1.0.0"
    react-custom-scrollbars "^4.2.1"
    react-lifecycles-compat "^3.0.4"
    react-virtualized-auto-sizer "^1.0.2"
    react-window "^1.8.5"

"@opensumi/ide-connection@2.16.6":
  version "2.16.6"
  resolved "https://registry.npm.alibaba-inc.com/@opensumi/ide-connection/download/@opensumi/ide-connection-2.16.6.tgz#76a63897221c1e5c7589e1f2fdb60823c427f91f"
  integrity sha512-AVkGaLUao3U2/+ZnIzVL+GP0/UJyskfHC0CXj4w/VTtzbssuO8O2o/1ZwJy7oHsgUdXzsBiq5LmrY06aSF8fog==
  dependencies:
    "@opensumi/ide-core-common" "2.16.6"
    "@opensumi/vscode-jsonrpc" "^8.0.0-next.2"
    path-match "^1.2.4"
    shortid "^2.2.14"
    ws "^7.2.0"

"@opensumi/ide-core-browser@^2.16.6":
  version "2.16.6"
  resolved "https://registry.npm.alibaba-inc.com/@opensumi/ide-core-browser/download/@opensumi/ide-core-browser-2.16.6.tgz#7405d83c4f8dd31b0eabe5d64149f61738439ec4"
  integrity sha512-euH/lpWUpu68C9QlnNfJ9OcuQDfT5rYauLB1/7t0P4RxppHrY6As6nKnWz9fUAGRKEjc4p7mJddC8C8dpUdANw==
  dependencies:
    "@opensumi/ide-components" "2.16.6"
    "@opensumi/ide-connection" "2.16.6"
    "@opensumi/ide-core-common" "2.16.6"
    "@opensumi/vscode-debugprotocol" "1.49.0-beta.1"
    "@vscode/codicons" "0.0.27"
    ajv "^6.10.0"
    classnames "2.2.6"
    clsx "^1.0.4"
    file-icons-js "^1.0.3"
    font-awesome "^4.7.0"
    fuzzy "^0.1.3"
    jsonc-parser "^2.1.0"
    keycode "^2.2.0"
    lodash "^4.17.15"
    lodash.throttle "^4.1.1"
    lodash.uniqby "^4.1.1"
    lzutf8 "^0.5.5"
    marked "4.0.10"
    mobx "^5.9.4"
    mobx-react-lite "^1.3.1"
    onigasm "2.2.2"
    p-series "^2.1.0"
    rc-menu "^7.4.30"
    react "^16.8.6"
    react-autosize-textarea "^7.0.0"
    react-ctxmenu-trigger "^1.0.0"
    react-custom-scrollbars "^4.2.1"
    react-is "^16.8.6"
    react-perfect-scrollbar "^1.5.2"
    react-sticky "^6.0.3"
    react-window "^1.8.5"
    reconnecting-websocket "^4.2.0"
    resize-observer-polyfill "1.5.1"
    vscode-languageserver-protocol "^3.14.1"
    vscode-textmate "5.4.0"

"@opensumi/ide-core-common@2.16.6":
  version "2.16.6"
  resolved "https://registry.npm.alibaba-inc.com/@opensumi/ide-core-common/download/@opensumi/ide-core-common-2.16.6.tgz#f6954728e53239d5740194b9e950b167cecc8edc"
  integrity sha512-lqh/+gfs+0JIY4opLWIs2gUCtH2oPNIyQNlQtQ9oSVUy+VDLkBGX2uz0YS5XCZ9O2CfypKeKIuGVwkMRAkwTtA==
  dependencies:
    "@opensumi/di" "^1.1.0"
    iconv-lite "^0.6.0"
    jschardet "3.0.0"
    shortid "^2.2.14"
    strip-json-comments "3.0.1"
    vscode-uri "^3.0.2"

"@opensumi/vscode-debugprotocol@1.49.0-beta.1":
  version "1.49.0-beta.1"
  resolved "https://registry.npm.alibaba-inc.com/@opensumi/vscode-debugprotocol/download/@opensumi/vscode-debugprotocol-1.49.0-beta.1.tgz#1ed6f2f5629702a72979c9948cb628c3ec63c753"
  integrity sha512-0qKdsB1xd7xzeN0M27icx8XCw7IjNMih5XgsAl+BHhoAePZsOTKz6vI2ppBPJ553pdCxazrv7slsHWZIjyR7IA==

"@opensumi/vscode-jsonrpc@^8.0.0-next.2":
  version "8.0.0-next.2"
  resolved "https://registry.npm.alibaba-inc.com/@opensumi/vscode-jsonrpc/download/@opensumi/vscode-jsonrpc-8.0.0-next.2.tgz#fc57d817c644346fbae6d80a9e4ecacd35df4a36"
  integrity sha512-FbmjlhjSiw2IP3U5ONPVQHreFardQyduuieCQ8QeMG2Rc5Z977N1YwdnGh3OV1tEQNHHPPr1LfeyFNqfHnlU2Q==

"@sindresorhus/is@^0.15.0":
  version "0.15.0"
  resolved "https://registry.npm.alibaba-inc.com/@sindresorhus/is/download/@sindresorhus/is-0.15.0.tgz#96915baa05e6a6a1d137badf4984d3fc05820bb6"
  integrity sha1-lpFbqgXmpqHRN7rfSYTT/AWCC7Y=

"@types/prop-types@*":
  version "15.7.4"
  resolved "https://registry.npm.alibaba-inc.com/@types/prop-types/download/@types/prop-types-15.7.4.tgz#fcf7205c25dff795ee79af1e30da2c9790808f11"
  integrity sha1-/PcgXCXf95Xuea8eMNosl5CAjxE=

"@types/react-window@^1.8.5":
  version "1.8.5"
  resolved "https://registry.npm.alibaba-inc.com/@types/react-window/download/@types/react-window-1.8.5.tgz#285fcc5cea703eef78d90f499e1457e9b5c02fc1"
  integrity sha1-KF/MXOpwPu942Q9JnhRX6bXAL8E=
  dependencies:
    "@types/react" "*"

"@types/react@*":
  version "17.0.43"
  resolved "https://registry.npm.alibaba-inc.com/@types/react/download/@types/react-17.0.43.tgz#4adc142887dd4a2601ce730bc56c3436fdb07a55"
  integrity sha512-8Q+LNpdxf057brvPu1lMtC5Vn7J119xrP1aq4qiaefNioQUYANF/CYeK4NsKorSZyUGJ66g0IM+4bbjwx45o2A==
  dependencies:
    "@types/prop-types" "*"
    "@types/scheduler" "*"
    csstype "^3.0.2"

"@types/scheduler@*":
  version "0.16.2"
  resolved "https://registry.npm.alibaba-inc.com/@types/scheduler/download/@types/scheduler-0.16.2.tgz#1a62f89525723dde24ba1b01b092bf5df8ad4d39"
  integrity sha1-GmL4lSVyPd4kuhsBsJK/XfitTTk=

"@vscode/codicons@0.0.27":
  version "0.0.27"
  resolved "https://registry.npm.alibaba-inc.com/@vscode/codicons/download/@vscode/codicons-0.0.27.tgz#3b842cbcfb478e1c9e1dc6efbbdedd059cc3e567"
  integrity sha512-NpLkfzPfEOO6s2HH+ISITlaXKYB2XeoYZQY2IV39EaJV3NIBygiLqybHrVtKbaDFfeXyP8McmvvnbWd6YykpGg==

add-dom-event-listener@^1.1.0:
  version "1.1.0"
  resolved "https://registry.npm.alibaba-inc.com/add-dom-event-listener/download/add-dom-event-listener-1.1.0.tgz#6a92db3a0dd0abc254e095c0f1dc14acbbaae310"
  integrity sha1-apLbOg3Qq8JU4JXA8dwUrLuq4xA=
  dependencies:
    object-assign "4.x"

add-px-to-style@1.0.0:
  version "1.0.0"
  resolved "https://registry.npm.alibaba-inc.com/add-px-to-style/download/add-px-to-style-1.0.0.tgz#d0c135441fa8014a8137904531096f67f28f263a"
  integrity sha1-0ME1RB+oAUqBN5BFMQlvZ/KPJjo=

ajv@^6.10.0:
  version "6.12.6"
  resolved "https://registry.npm.alibaba-inc.com/ajv/download/ajv-6.12.6.tgz#baf5a62e802b07d977034586f8c3baf5adf26df4"
  integrity sha1-uvWmLoArB9l3A0WG+MO69a3ybfQ=
  dependencies:
    fast-deep-equal "^3.1.1"
    fast-json-stable-stringify "^2.0.0"
    json-schema-traverse "^0.4.1"
    uri-js "^4.2.2"

autosize@^4.0.2:
  version "4.0.4"
  resolved "https://registry.npm.alibaba-inc.com/autosize/download/autosize-4.0.4.tgz#924f13853a466b633b9309330833936d8bccce03"
  integrity sha1-kk8ThTpGa2M7kwkzCDOTbYvMzgM=

babel-runtime@6.x, babel-runtime@^6.26.0:
  version "6.26.0"
  resolved "https://registry.npm.alibaba-inc.com/babel-runtime/download/babel-runtime-6.26.0.tgz#965c7058668e82b55d7bfe04ff2337bc8b5647fe"
  integrity sha1-llxwWGaOgrVde/4E/yM3vItWR/4=
  dependencies:
    core-js "^2.4.0"
    regenerator-runtime "^0.11.0"

classnames@2.2.6:
  version "2.2.6"
  resolved "https://registry.npm.alibaba-inc.com/classnames/download/classnames-2.2.6.tgz#43935bffdd291f326dad0a205309b38d00f650ce"
  integrity sha1-Q5Nb/90pHzJtrQogUwmzjQD2UM4=

classnames@2.x, classnames@^2.2.6:
  version "2.3.1"
  resolved "https://registry.npm.alibaba-inc.com/classnames/download/classnames-2.3.1.tgz#dfcfa3891e306ec1dad105d0e88f4417b8535e8e"
  integrity sha1-38+jiR4wbsHa0QXQ6I9EF7hTXo4=

clsx@^1.0.4:
  version "1.1.1"
  resolved "https://registry.npm.alibaba-inc.com/clsx/download/clsx-1.1.1.tgz#98b3134f9abbdf23b2663491ace13c5c03a73188"
  integrity sha1-mLMTT5q73yOyZjSRrOE8XAOnMYg=

component-classes@^1.2.5:
  version "1.2.6"
  resolved "https://registry.npm.alibaba-inc.com/component-classes/download/component-classes-1.2.6.tgz#c642394c3618a4d8b0b8919efccbbd930e5cd691"
  integrity sha1-xkI5TDYYpNiwuJGe/Mu9kw5c1pE=
  dependencies:
    component-indexof "0.0.3"

component-indexof@0.0.3:
  version "0.0.3"
  resolved "https://registry.npm.alibaba-inc.com/component-indexof/download/component-indexof-0.0.3.tgz#11d091312239eb8f32c8f25ae9cb002ffe8d3c24"
  integrity sha1-EdCRMSI5648yyPJa6csAL/6NPCQ=

computed-style@~0.1.3:
  version "0.1.4"
  resolved "https://registry.npm.alibaba-inc.com/computed-style/download/computed-style-0.1.4.tgz#7f344fd8584b2e425bedca4a1afc0e300bb05d74"
  integrity sha1-fzRP2FhLLkJb7cpKGvwOMAuwXXQ=

core-js@^2.4.0:
  version "2.6.12"
  resolved "https://registry.npm.alibaba-inc.com/core-js/download/core-js-2.6.12.tgz#d9333dfa7b065e347cc5682219d6f690859cc2ec"
  integrity sha1-2TM9+nsGXjR8xWgiGdb2kIWcwuw=

css-animation@^1.3.2:
  version "1.6.1"
  resolved "https://registry.npm.alibaba-inc.com/css-animation/download/css-animation-1.6.1.tgz#162064a3b0d51f958b7ff37b3d6d4de18e17039e"
  integrity sha1-FiBko7DVH5WLf/N7PW1N4Y4XA54=
  dependencies:
    babel-runtime "6.x"
    component-classes "^1.2.5"

csstype@^3.0.2:
  version "3.0.11"
  resolved "https://registry.npm.alibaba-inc.com/csstype/download/csstype-3.0.11.tgz#d66700c5eacfac1940deb4e3ee5642792d85cd33"
  integrity sha512-sa6P2wJ+CAbgyy4KFssIb/JNMLxFvKF1pCYCSXS8ZMuqZnMsrxqI2E5sPyoTpxoPU/gVZMzr2zjOfg8GIZOMsw==

dom-align@^1.7.0:
  version "1.12.2"
  resolved "https://registry.npm.alibaba-inc.com/dom-align/download/dom-align-1.12.2.tgz#0f8164ebd0c9c21b0c790310493cd855892acd4b"
  integrity sha1-D4Fk69DJwhsMeQMQSTzYVYkqzUs=

dom-css@^2.0.0:
  version "2.1.0"
  resolved "https://registry.npm.alibaba-inc.com/dom-css/download/dom-css-2.1.0.tgz#fdbc2d5a015d0a3e1872e11472bbd0e7b9e6a202"
  integrity sha1-/bwtWgFdCj4YcuEUcrvQ57nmogI=
  dependencies:
    add-px-to-style "1.0.0"
    prefix-style "2.0.1"
    to-camel-case "1.0.0"

dom-scroll-into-view@1.x:
  version "1.2.1"
  resolved "https://registry.npm.alibaba-inc.com/dom-scroll-into-view/download/dom-scroll-into-view-1.2.1.tgz#e8f36732dd089b0201a88d7815dc3f88e6d66c7e"
  integrity sha1-6PNnMt0ImwIBqI14Fdw/iObWbH4=

fast-deep-equal@^3.1.1:
  version "3.1.3"
  resolved "https://registry.npm.alibaba-inc.com/fast-deep-equal/download/fast-deep-equal-3.1.3.tgz#3a7d56b559d6cbc3eb512325244e619a65c6c525"
  integrity sha1-On1WtVnWy8PrUSMlJE5hmmXGxSU=

fast-json-stable-stringify@^2.0.0:
  version "2.1.0"
  resolved "https://registry.npm.alibaba-inc.com/fast-json-stable-stringify/download/fast-json-stable-stringify-2.1.0.tgz#874bf69c6f404c2b5d99c481341399fd55892633"
  integrity sha1-h0v2nG9ATCtdmcSBNBOZ/VWJJjM=

file-icons-js@^1.0.3:
  version "1.1.0"
  resolved "https://registry.npm.alibaba-inc.com/file-icons-js/download/file-icons-js-1.1.0.tgz#da5e0679a58ab661abf9ec6c2a47c5f14f638ab6"
  integrity sha1-2l4GeaWKtmGr+exsKkfF8U9jirY=

font-awesome@^4.7.0:
  version "4.7.0"
  resolved "https://registry.npm.alibaba-inc.com/font-awesome/download/font-awesome-4.7.0.tgz#8fa8cf0411a1a31afd07b06d2902bb9fc815a133"
  integrity sha1-j6jPBBGhoxr9B7BtKQK7n8gVoTM=

fuzzy@^0.1.3:
  version "0.1.3"
  resolved "https://registry.npm.alibaba-inc.com/fuzzy/download/fuzzy-0.1.3.tgz#4c76ec2ff0ac1a36a9dccf9a00df8623078d4ed8"
  integrity sha1-THbsL/CsGjap3M+aAN+GIweNTtg=

hoist-non-react-statics@^2.3.1:
  version "2.5.5"
  resolved "https://registry.npm.alibaba-inc.com/hoist-non-react-statics/download/hoist-non-react-statics-2.5.5.tgz#c5903cf409c0dfd908f388e619d86b9c1174cb47"
  integrity sha1-xZA89AnA39kI84jmGdhrnBF0y0c=

http-errors@~1.4.0:
  version "1.4.0"
  resolved "https://registry.npm.alibaba-inc.com/http-errors/download/http-errors-1.4.0.tgz#6c0242dea6b3df7afda153c71089b31c6e82aabf"
  integrity sha1-bAJC3qaz33r9oVPHEImzHG6Cqr8=
  dependencies:
    inherits "2.0.1"
    statuses ">= 1.2.1 < 2"

iconv-lite@^0.6.0:
  version "0.6.3"
  resolved "https://registry.npm.alibaba-inc.com/iconv-lite/download/iconv-lite-0.6.3.tgz#a52f80bf38da1952eb5c681790719871a1a72501"
  integrity sha1-pS+AvzjaGVLrXGgXkHGYcaGnJQE=
  dependencies:
    safer-buffer ">= 2.1.2 < 3.0.0"

inherits@2.0.1:
  version "2.0.1"
  resolved "https://registry.npm.alibaba-inc.com/inherits/download/inherits-2.0.1.tgz#b17d08d326b4423e568eff719f91b0b1cbdf69f1"
  integrity sha1-sX0I0ya0Qj5Wjv9xn5GwscvfafE=

inherits@^2.0.3:
  version "2.0.4"
  resolved "https://registry.npm.alibaba-inc.com/inherits/download/inherits-2.0.4.tgz#0fa2c64f932917c3433a0ded55363aae37416b7c"
  integrity sha1-D6LGT5MpF8NDOg3tVTY6rjdBa3w=

isarray@0.0.1:
  version "0.0.1"
  resolved "https://registry.npm.alibaba-inc.com/isarray/download/isarray-0.0.1.tgz#8a18acfca9a8f4177e09abfc6038939b05d1eedf"
  integrity sha1-ihis/Kmo9Bd+Cav8YDiTmwXR7t8=

"js-tokens@^3.0.0 || ^4.0.0":
  version "4.0.0"
  resolved "https://registry.npm.alibaba-inc.com/js-tokens/download/js-tokens-4.0.0.tgz#19203fb59991df98e3a287050d4647cdeaf32499"
  integrity sha1-GSA/tZmR35jjoocFDUZHzerzJJk=

jschardet@3.0.0:
  version "3.0.0"
  resolved "https://registry.npm.alibaba-inc.com/jschardet/download/jschardet-3.0.0.tgz#898d2332e45ebabbdb6bf2feece9feea9a99e882"
  integrity sha1-iY0jMuReurvba/L+7On+6pqZ6II=

json-schema-traverse@^0.4.1:
  version "0.4.1"
  resolved "https://registry.npm.alibaba-inc.com/json-schema-traverse/download/json-schema-traverse-0.4.1.tgz#69f6a87d9513ab8bb8fe63bdb0979c448e684660"
  integrity sha1-afaofZUTq4u4/mO9sJecRI5oRmA=

jsonc-parser@^2.1.0:
  version "2.3.1"
  resolved "https://registry.npm.alibaba-inc.com/jsonc-parser/download/jsonc-parser-2.3.1.tgz#59549150b133f2efacca48fe9ce1ec0659af2342"
  integrity sha1-WVSRULEz8u+sykj+nOHsBlmvI0I=

keycode@^2.2.0:
  version "2.2.1"
  resolved "https://registry.npm.alibaba-inc.com/keycode/download/keycode-2.2.1.tgz#09c23b2be0611d26117ea2501c2c391a01f39eff"
  integrity sha1-CcI7K+BhHSYRfqJQHCw5GgHznv8=

line-height@^0.3.1:
  version "0.3.1"
  resolved "https://registry.npm.alibaba-inc.com/line-height/download/line-height-0.3.1.tgz#4b1205edde182872a5efa3c8f620b3187a9c54c9"
  integrity sha1-SxIF7d4YKHKl76PI9iCzGHqcVMk=
  dependencies:
    computed-style "~0.1.3"

lodash.throttle@^4.1.1:
  version "4.1.1"
  resolved "https://registry.npm.alibaba-inc.com/lodash.throttle/download/lodash.throttle-4.1.1.tgz#c23e91b710242ac70c37f1e1cda9274cc39bf2f4"
  integrity sha1-wj6RtxAkKscMN/HhzaknTMOb8vQ=

lodash.uniqby@^4.1.1:
  version "4.7.0"
  resolved "https://registry.npm.alibaba-inc.com/lodash.uniqby/download/lodash.uniqby-4.7.0.tgz#d99c07a669e9e6d24e1362dfe266c67616af1302"
  integrity sha1-2ZwHpmnp5tJOE2Lf4mbGdhavEwI=

lodash@^4.17.15:
  version "4.17.21"
  resolved "https://registry.npm.alibaba-inc.com/lodash/download/lodash-4.17.21.tgz#679591c564c3bffaae8454cf0b3df370c3d6911c"
  integrity sha1-Z5WRxWTDv/quhFTPCz3zcMPWkRw=

loose-envify@^1.1.0, loose-envify@^1.4.0:
  version "1.4.0"
  resolved "https://registry.npm.alibaba-inc.com/loose-envify/download/loose-envify-1.4.0.tgz#71ee51fa7be4caec1a63839f7e682d8132d30caf"
  integrity sha1-ce5R+nvkyuwaY4OffmgtgTLTDK8=
  dependencies:
    js-tokens "^3.0.0 || ^4.0.0"

lru-cache@^4.1.1:
  version "4.1.5"
  resolved "https://registry.npm.alibaba-inc.com/lru-cache/download/lru-cache-4.1.5.tgz#8bbe50ea85bed59bc9e33dcab8235ee9bcf443cd"
  integrity sha1-i75Q6oW+1ZvJ4z3KuCNe6bz0Q80=
  dependencies:
    pseudomap "^1.0.2"
    yallist "^2.1.2"

lzutf8@^0.5.5:
  version "0.5.8"
  resolved "https://registry.npm.alibaba-inc.com/lzutf8/download/lzutf8-0.5.8.tgz#e07c531ad086258c0d842646bd3b973565823330"
  integrity sha1-4HxTGtCGJYwNhCZGvTuXNWWCMzA=
  dependencies:
    readable-stream "^3.6.0"

marked@4.0.10:
  version "4.0.10"
  resolved "https://registry.npm.alibaba-inc.com/marked/download/marked-4.0.10.tgz#423e295385cc0c3a70fa495e0df68b007b879423"
  integrity sha512-+QvuFj0nGgO970fySghXGmuw+Fd0gD2x3+MqCWLIPf5oxdv1Ka6b2q+z9RP01P/IaKPMEramy+7cNy/Lw8c3hw==

"memoize-one@>=3.1.1 <6":
  version "5.2.1"
  resolved "https://registry.npm.alibaba-inc.com/memoize-one/download/memoize-one-5.2.1.tgz#8337aa3c4335581839ec01c3d594090cebe8f00e"
  integrity sha1-gzeqPEM1WBg57AHD1ZQJDOvo8A4=

mini-store@^2.0.0:
  version "2.0.0"
  resolved "https://registry.npm.alibaba-inc.com/mini-store/download/mini-store-2.0.0.tgz#0843c048d6942ce55e3e78b1b67fc063022b5488"
  integrity sha1-CEPASNaULOVePnixtn/AYwIrVIg=
  dependencies:
    hoist-non-react-statics "^2.3.1"
    prop-types "^15.6.0"
    react-lifecycles-compat "^3.0.4"
    shallowequal "^1.0.2"

mobx-react-lite@^1.3.1:
  version "1.5.2"
  resolved "https://registry.npm.alibaba-inc.com/mobx-react-lite/download/mobx-react-lite-1.5.2.tgz#c4395b0568b9cb16f07669d8869cc4efa1b8656d"
  integrity sha1-xDlbBWi5yxbwdmnYhpzE76G4ZW0=

mobx@^5.9.4:
  version "5.15.7"
  resolved "https://registry.npm.alibaba-inc.com/mobx/download/mobx-5.15.7.tgz#b9a5f2b6251f5d96980d13c78e9b5d8d4ce22665"
  integrity sha1-uaXytiUfXZaYDRPHjptdjUziJmU=

mutationobserver-shim@^0.3.2:
  version "0.3.7"
  resolved "https://registry.npm.alibaba-inc.com/mutationobserver-shim/download/mutationobserver-shim-0.3.7.tgz#8bf633b0c0b0291a1107255ed32c13088a8c5bf3"
  integrity sha1-i/YzsMCwKRoRByVe0ywTCIqMW/M=

nanoid@^2.1.0:
  version "2.1.11"
  resolved "https://registry.npm.alibaba-inc.com/nanoid/download/nanoid-2.1.11.tgz#ec24b8a758d591561531b4176a01e3ab4f0f0280"
  integrity sha1-7CS4p1jVkVYVMbQXagHjq08PAoA=

object-assign@4.x, object-assign@^4.1.1:
  version "4.1.1"
  resolved "https://registry.npm.alibaba-inc.com/object-assign/download/object-assign-4.1.1.tgz#2109adc7965887cfc05cbbd442cac8bfbb360863"
  integrity sha1-IQmtx5ZYh8/AXLvUQsrIv7s2CGM=

onigasm@2.2.2:
  version "2.2.2"
  resolved "https://registry.npm.alibaba-inc.com/onigasm/download/onigasm-2.2.2.tgz#0f853152278bf0da5b3d5be728d5218e472d03ca"
  integrity sha1-D4UxUieL8NpbPVvnKNUhjkctA8o=
  dependencies:
    lru-cache "^4.1.1"

p-reduce@^2.1.0:
  version "2.1.0"
  resolved "https://registry.npm.alibaba-inc.com/p-reduce/download/p-reduce-2.1.0.tgz#09408da49507c6c274faa31f28df334bc712b64a"
  integrity sha1-CUCNpJUHxsJ0+qMfKN8zS8cStko=

p-series@^2.1.0:
  version "2.1.0"
  resolved "https://registry.npm.alibaba-inc.com/p-series/download/p-series-2.1.0.tgz#7035b3a81e2644d4ba407c1ebbc21776e353fa29"
  integrity sha1-cDWzqB4mRNS6QHweu8IXduNT+ik=
  dependencies:
    "@sindresorhus/is" "^0.15.0"
    p-reduce "^2.1.0"

path-match@^1.2.4:
  version "1.2.4"
  resolved "https://registry.npm.alibaba-inc.com/path-match/download/path-match-1.2.4.tgz#a62747f3c7e0c2514762697f24443585b09100ea"
  integrity sha1-pidH88fgwlFHYml/JEQ1hbCRAOo=
  dependencies:
    http-errors "~1.4.0"
    path-to-regexp "^1.0.0"

path-to-regexp@^1.0.0:
  version "1.8.0"
  resolved "https://registry.npm.alibaba-inc.com/path-to-regexp/download/path-to-regexp-1.8.0.tgz#887b3ba9d84393e87a0a0b9f4cb756198b53548a"
  integrity sha1-iHs7qdhDk+h6CgufTLdWGYtTVIo=
  dependencies:
    isarray "0.0.1"

perfect-scrollbar@^1.5.0:
  version "1.5.5"
  resolved "https://registry.npm.alibaba-inc.com/perfect-scrollbar/download/perfect-scrollbar-1.5.5.tgz#41a211a2fb52a7191eff301432134ea47052b27f"
  integrity sha512-dzalfutyP3e/FOpdlhVryN4AJ5XDVauVWxybSkLZmakFE2sS3y3pc4JnSprw8tGmHvkaG5Edr5T7LBTZ+WWU2g==

performance-now@^2.1.0:
  version "2.1.0"
  resolved "https://registry.npm.alibaba-inc.com/performance-now/download/performance-now-2.1.0.tgz#6309f4e0e5fa913ec1c69307ae364b4b377c9e7b"
  integrity sha1-Ywn04OX6kT7BxpMHrjZLSzd8nns=

prefix-style@2.0.1:
  version "2.0.1"
  resolved "https://registry.npm.alibaba-inc.com/prefix-style/download/prefix-style-2.0.1.tgz#66bba9a870cfda308a5dc20e85e9120932c95a06"
  integrity sha1-ZrupqHDP2jCKXcIOhekSCTLJWgY=

prop-types@15.x, prop-types@^15.5.10, prop-types@^15.5.6, prop-types@^15.5.8, prop-types@^15.6.0, prop-types@^15.6.1, prop-types@^15.6.2:
  version "15.8.1"
  resolved "https://registry.npm.alibaba-inc.com/prop-types/download/prop-types-15.8.1.tgz#67d87bf1a694f48435cf332c24af10214a3140b5"
  integrity sha512-oj87CgZICdulUohogVAR7AjlC0327U4el4L6eAvOqCeudMDVU0NThNaV+b9Df4dXgSP1gXMTnPdhfe/2qDH5cg==
  dependencies:
    loose-envify "^1.4.0"
    object-assign "^4.1.1"
    react-is "^16.13.1"

pseudomap@^1.0.2:
  version "1.0.2"
  resolved "https://registry.npm.alibaba-inc.com/pseudomap/download/pseudomap-1.0.2.tgz#f052a28da70e618917ef0a8ac34c1ae5a68286b3"
  integrity sha1-8FKijacOYYkX7wqKw0wa5aaChrM=

punycode@^2.1.0:
  version "2.1.1"
  resolved "https://registry.npm.alibaba-inc.com/punycode/download/punycode-2.1.1.tgz#b58b010ac40c22c5657616c8d2c2c02c7bf479ec"
  integrity sha1-tYsBCsQMIsVldhbI0sLALHv0eew=

raf@^3.1.0, raf@^3.3.0, raf@^3.4.0, raf@^3.4.1:
  version "3.4.1"
  resolved "https://registry.npm.alibaba-inc.com/raf/download/raf-3.4.1.tgz#0742e99a4a6552f445d73e3ee0328af0ff1ede39"
  integrity sha1-B0LpmkplUvRF1z4+4DKK8P8e3jk=
  dependencies:
    performance-now "^2.1.0"

rc-align@^2.4.0:
  version "2.4.5"
  resolved "https://registry.npm.alibaba-inc.com/rc-align/download/rc-align-2.4.5.tgz#c941a586f59d1017f23a428f0b468663fb7102ab"
  integrity sha1-yUGlhvWdEBfyOkKPC0aGY/txAqs=
  dependencies:
    babel-runtime "^6.26.0"
    dom-align "^1.7.0"
    prop-types "^15.5.8"
    rc-util "^4.0.4"

rc-animate@2.x, rc-animate@^2.10.1:
  version "2.11.1"
  resolved "https://registry.npm.alibaba-inc.com/rc-animate/download/rc-animate-2.11.1.tgz#2666eeb6f1f2a495a13b2af09e236712278fdb2c"
  integrity sha1-JmbutvHypJWhOyrwniNnEieP2yw=
  dependencies:
    babel-runtime "6.x"
    classnames "^2.2.6"
    css-animation "^1.3.2"
    prop-types "15.x"
    raf "^3.4.0"
    rc-util "^4.15.3"
    react-lifecycles-compat "^3.0.4"

rc-dialog@~7.6.0:
  version "7.6.1"
  resolved "https://registry.npm.alibaba-inc.com/rc-dialog/download/rc-dialog-7.6.1.tgz#11545ccc0b945934fa76079726e0d853e52d705f"
  integrity sha1-EVRczAuUWTT6dgeXJuDYU+UtcF8=
  dependencies:
    babel-runtime "6.x"
    rc-animate "2.x"
    rc-util "^4.16.1"

rc-dropdown@~2.4.1:
  version "2.4.1"
  resolved "https://registry.npm.alibaba-inc.com/rc-dropdown/download/rc-dropdown-2.4.1.tgz#aaef6eb3a5152cdd9982895c2a78d9b5f046cdec"
  integrity sha1-qu9us6UVLN2ZgolcKnjZtfBGzew=
  dependencies:
    babel-runtime "^6.26.0"
    classnames "^2.2.6"
    prop-types "^15.5.8"
    rc-trigger "^2.5.1"
    react-lifecycles-compat "^3.0.2"

rc-menu@^7.4.30, rc-menu@~7.5.1:
  version "7.5.5"
  resolved "https://registry.npm.alibaba-inc.com/rc-menu/download/rc-menu-7.5.5.tgz#78cdc817d86fc353a1430b864d3d96c7489600ca"
  integrity sha1-eM3IF9hvw1OhQwuGTT2Wx0iWAMo=
  dependencies:
    classnames "2.x"
    dom-scroll-into-view "1.x"
    mini-store "^2.0.0"
    mutationobserver-shim "^0.3.2"
    rc-animate "^2.10.1"
    rc-trigger "^2.3.0"
    rc-util "^4.13.0"
    resize-observer-polyfill "^1.5.0"
    shallowequal "^1.1.0"

rc-notification@~3.3.1:
  version "3.3.1"
  resolved "https://registry.npm.alibaba-inc.com/rc-notification/download/rc-notification-3.3.1.tgz#0baa3e70f8d40ab015ce8fa78c260c490fc7beb4"
  integrity sha1-C6o+cPjUCrAVzo+njCYMSQ/HvrQ=
  dependencies:
    babel-runtime "6.x"
    classnames "2.x"
    prop-types "^15.5.8"
    rc-animate "2.x"
    rc-util "^4.0.4"

rc-trigger@^2.3.0, rc-trigger@^2.5.1:
  version "2.6.5"
  resolved "https://registry.npm.alibaba-inc.com/rc-trigger/download/rc-trigger-2.6.5.tgz#140a857cf28bd0fa01b9aecb1e26a50a700e9885"
  integrity sha1-FAqFfPKL0PoBua7LHialCnAOmIU=
  dependencies:
    babel-runtime "6.x"
    classnames "^2.2.6"
    prop-types "15.x"
    rc-align "^2.4.0"
    rc-animate "2.x"
    rc-util "^4.4.0"
    react-lifecycles-compat "^3.0.4"

rc-util@^4.0.4, rc-util@^4.13.0, rc-util@^4.15.3, rc-util@^4.16.1, rc-util@^4.4.0:
  version "4.21.1"
  resolved "https://registry.npm.alibaba-inc.com/rc-util/download/rc-util-4.21.1.tgz#88602d0c3185020aa1053d9a1e70eac161becb05"
  integrity sha1-iGAtDDGFAgqhBT2aHnDqwWG+ywU=
  dependencies:
    add-dom-event-listener "^1.1.0"
    prop-types "^15.5.10"
    react-is "^16.12.0"
    react-lifecycles-compat "^3.0.4"
    shallowequal "^1.1.0"

rc-util@^5.9.4:
  version "5.19.3"
  resolved "https://registry.npm.alibaba-inc.com/rc-util/download/rc-util-5.19.3.tgz#5f6aa854820f6d5824451d80771035b013eaf6d8"
  integrity sha512-S28epi9E2s7Nir05q8Ffl3hzDLwkavTGi0PGH1cTqCmkpG1AeBEuZgQDpksYeU6IgHcds5hWIPE5PUcdFiZl8w==
  dependencies:
    "@babel/runtime" "^7.12.5"
    react-is "^16.12.0"
    shallowequal "^1.1.0"

react-autosize-textarea@^7.0.0:
  version "7.1.0"
  resolved "https://registry.npm.alibaba-inc.com/react-autosize-textarea/download/react-autosize-textarea-7.1.0.tgz#902c84fc395a689ca3a484dfb6bc2be9ba3694d1"
  integrity sha1-kCyE/DlaaJyjpITftrwr6bo2lNE=
  dependencies:
    autosize "^4.0.2"
    line-height "^0.3.1"
    prop-types "^15.5.6"

react-ctxmenu-trigger@^1.0.0:
  version "1.0.1"
  resolved "https://registry.npm.alibaba-inc.com/react-ctxmenu-trigger/download/react-ctxmenu-trigger-1.0.1.tgz#5b1c91a93422d0cf0bf6d710337eb8f2788ce8af"
  integrity sha1-WxyRqTQi0M8L9tcQM3648niM6K8=
  dependencies:
    babel-runtime "6.x"
    prop-types "15.x"
    rc-align "^2.4.0"
    rc-animate "2.x"
    rc-util "^4.4.0"

react-custom-scrollbars@^4.2.1:
  version "4.2.1"
  resolved "https://registry.npm.alibaba-inc.com/react-custom-scrollbars/download/react-custom-scrollbars-4.2.1.tgz#830fd9502927e97e8a78c2086813899b2a8b66db"
  integrity sha1-gw/ZUCkn6X6KeMIIaBOJmyqLZts=
  dependencies:
    dom-css "^2.0.0"
    prop-types "^15.5.10"
    raf "^3.1.0"

react-dom@^18.0.0:
  version "18.0.0"
  resolved "https://registry.npm.alibaba-inc.com/react-dom/download/react-dom-18.0.0.tgz#26b88534f8f1dbb80853e1eabe752f24100d8023"
  integrity sha512-XqX7uzmFo0pUceWFCt7Gff6IyIMzFUn7QMZrbrQfGxtaxXZIcGQzoNpRLE3fQLnS4XzLLPMZX2T9TRcSrasicw==
  dependencies:
    loose-envify "^1.1.0"
    scheduler "^0.21.0"

react-is@^16.12.0, react-is@^16.13.1, react-is@^16.8.6:
  version "16.13.1"
  resolved "https://registry.npm.alibaba-inc.com/react-is/download/react-is-16.13.1.tgz#789729a4dc36de2999dc156dd6c1d9c18cea56a4"
  integrity sha1-eJcppNw23imZ3BVt1sHZwYzqVqQ=

react-lifecycles-compat@^3.0.2, react-lifecycles-compat@^3.0.4:
  version "3.0.4"
  resolved "https://registry.npm.alibaba-inc.com/react-lifecycles-compat/download/react-lifecycles-compat-3.0.4.tgz#4f1a273afdfc8f3488a8c516bfda78f872352362"
  integrity sha1-TxonOv38jzSIqMUWv9p4+HI1I2I=

react-perfect-scrollbar@^1.5.2:
  version "1.5.8"
  resolved "https://registry.npm.alibaba-inc.com/react-perfect-scrollbar/download/react-perfect-scrollbar-1.5.8.tgz#380959387a325c5c9d0268afc08b3f73ed5b3078"
  integrity sha1-OAlZOHoyXFydAmivwIs/c+1bMHg=
  dependencies:
    perfect-scrollbar "^1.5.0"
    prop-types "^15.6.1"

react-sticky@^6.0.3:
  version "6.0.3"
  resolved "https://registry.npm.alibaba-inc.com/react-sticky/download/react-sticky-6.0.3.tgz#7a18b643e1863da113d7f7036118d2a75d9ecde4"
  integrity sha1-ehi2Q+GGPaET1/cDYRjSp12ezeQ=
  dependencies:
    prop-types "^15.5.8"
    raf "^3.3.0"

react-virtualized-auto-sizer@^1.0.2:
  version "1.0.6"
  resolved "https://registry.npm.alibaba-inc.com/react-virtualized-auto-sizer/download/react-virtualized-auto-sizer-1.0.6.tgz#66c5b1c9278064c5ef1699ed40a29c11518f97ca"
  integrity sha1-ZsWxySeAZMXvFpntQKKcEVGPl8o=

react-window@^1.8.5:
  version "1.8.6"
  resolved "https://registry.npm.alibaba-inc.com/react-window/download/react-window-1.8.6.tgz#d011950ac643a994118632665aad0c6382e2a112"
  integrity sha1-0BGVCsZDqZQRhjJmWq0MY4LioRI=
  dependencies:
    "@babel/runtime" "^7.0.0"
    memoize-one ">=3.1.1 <6"

react@^16.8.6:
  version "16.14.0"
  resolved "https://registry.npm.alibaba-inc.com/react/download/react-16.14.0.tgz#94d776ddd0aaa37da3eda8fc5b6b18a4c9a3114d"
  integrity sha1-lNd23dCqo32j7aj8W2sYpMmjEU0=
  dependencies:
    loose-envify "^1.1.0"
    object-assign "^4.1.1"
    prop-types "^15.6.2"

react@^18.0.0:
  version "18.0.0"
  resolved "https://registry.npm.alibaba-inc.com/react/download/react-18.0.0.tgz#b468736d1f4a5891f38585ba8e8fb29f91c3cb96"
  integrity sha512-x+VL6wbT4JRVPm7EGxXhZ8w8LTROaxPXOqhlGyVSrv0sB1jkyFGgXxJ8LVoPRLvPR6/CIZGFmfzqUa2NYeMr2A==
  dependencies:
    loose-envify "^1.1.0"

readable-stream@^3.6.0:
  version "3.6.0"
  resolved "https://registry.npm.alibaba-inc.com/readable-stream/download/readable-stream-3.6.0.tgz#337bbda3adc0706bd3e024426a286d4b4b2c9198"
  integrity sha1-M3u9o63AcGvT4CRCaihtS0sskZg=
  dependencies:
    inherits "^2.0.3"
    string_decoder "^1.1.1"
    util-deprecate "^1.0.1"

reconnecting-websocket@^4.2.0:
  version "4.4.0"
  resolved "https://registry.npm.alibaba-inc.com/reconnecting-websocket/download/reconnecting-websocket-4.4.0.tgz#3b0e5b96ef119e78a03135865b8bb0af1b948783"
  integrity sha1-Ow5blu8RnnigMTWGW4uwrxuUh4M=

reflect-metadata@^0.1.12:
  version "0.1.13"
  resolved "https://registry.npm.alibaba-inc.com/reflect-metadata/download/reflect-metadata-0.1.13.tgz#67ae3ca57c972a2aa1642b10fe363fe32d49dc08"
  integrity sha1-Z648pXyXKiqhZCsQ/jY/4y1J3Ag=

regenerator-runtime@^0.11.0:
  version "0.11.1"
  resolved "https://registry.npm.alibaba-inc.com/regenerator-runtime/download/regenerator-runtime-0.11.1.tgz#be05ad7f9bf7d22e056f9726cee5017fbf19e2e9"
  integrity sha1-vgWtf5v30i4Fb5cmzuUBf78Z4uk=

regenerator-runtime@^0.13.4:
  version "0.13.9"
  resolved "https://registry.npm.alibaba-inc.com/regenerator-runtime/download/regenerator-runtime-0.13.9.tgz#8925742a98ffd90814988d7566ad30ca3b263b52"
  integrity sha1-iSV0Kpj/2QgUmI11Zq0wyjsmO1I=

resize-observer-polyfill@1.5.1, resize-observer-polyfill@^1.5.0:
  version "1.5.1"
  resolved "https://registry.npm.alibaba-inc.com/resize-observer-polyfill/download/resize-observer-polyfill-1.5.1.tgz#0e9020dd3d21024458d4ebd27e23e40269810464"
  integrity sha1-DpAg3T0hAkRY1OvSfiPkAmmBBGQ=

safe-buffer@~5.2.0:
  version "5.2.1"
  resolved "https://registry.npm.alibaba-inc.com/safe-buffer/download/safe-buffer-5.2.1.tgz#1eaf9fa9bdb1fdd4ec75f58f9cdb4e6b7827eec6"
  integrity sha1-Hq+fqb2x/dTsdfWPnNtOa3gn7sY=

"safer-buffer@>= 2.1.2 < 3.0.0":
  version "2.1.2"
  resolved "https://registry.npm.alibaba-inc.com/safer-buffer/download/safer-buffer-2.1.2.tgz#44fa161b0187b9549dd84bb91802f9bd8385cd6a"
  integrity sha1-RPoWGwGHuVSd2Eu5GAL5vYOFzWo=

scheduler@^0.21.0:
  version "0.21.0"
  resolved "https://registry.npm.alibaba-inc.com/scheduler/download/scheduler-0.21.0.tgz#6fd2532ff5a6d877b6edb12f00d8ab7e8f308820"
  integrity sha512-1r87x5fz9MXqswA2ERLo0EbOAU74DpIUO090gIasYTqlVoJeMcl+Z1Rg7WHz+qtPujhS/hGIt9kxZOYBV3faRQ==
  dependencies:
    loose-envify "^1.1.0"

shallowequal@^1.0.2, shallowequal@^1.1.0:
  version "1.1.0"
  resolved "https://registry.npm.alibaba-inc.com/shallowequal/download/shallowequal-1.1.0.tgz#188d521de95b9087404fd4dcb68b13df0ae4e7f8"
  integrity sha1-GI1SHelbkIdAT9TctosT3wrk5/g=

shortid@^2.2.14:
  version "2.2.16"
  resolved "https://registry.npm.alibaba-inc.com/shortid/download/shortid-2.2.16.tgz#b742b8f0cb96406fd391c76bfc18a67a57fe5608"
  integrity sha1-t0K48MuWQG/Tkcdr/Bimelf+Vgg=
  dependencies:
    nanoid "^2.1.0"

"statuses@>= 1.2.1 < 2":
  version "1.5.0"
  resolved "https://registry.npm.alibaba-inc.com/statuses/download/statuses-1.5.0.tgz#161c7dac177659fd9811f43771fa99381478628c"
  integrity sha1-Fhx9rBd2Wf2YEfQ3cfqZOBR4Yow=

string_decoder@^1.1.1:
  version "1.3.0"
  resolved "https://registry.npm.alibaba-inc.com/string_decoder/download/string_decoder-1.3.0.tgz#42f114594a46cf1a8e30b0a84f56c78c3edac21e"
  integrity sha1-QvEUWUpGzxqOMLCoT1bHjD7awh4=
  dependencies:
    safe-buffer "~5.2.0"

strip-json-comments@3.0.1:
  version "3.0.1"
  resolved "https://registry.npm.alibaba-inc.com/strip-json-comments/download/strip-json-comments-3.0.1.tgz#85713975a91fb87bf1b305cca77395e40d2a64a7"
  integrity sha1-hXE5dakfuHvxswXMp3OV5A0qZKc=

to-camel-case@1.0.0:
  version "1.0.0"
  resolved "https://registry.npm.alibaba-inc.com/to-camel-case/download/to-camel-case-1.0.0.tgz#1a56054b2f9d696298ce66a60897322b6f423e46"
  integrity sha1-GlYFSy+daWKYzmamCJcyK29CPkY=
  dependencies:
    to-space-case "^1.0.0"

to-no-case@^1.0.0:
  version "1.0.2"
  resolved "https://registry.npm.alibaba-inc.com/to-no-case/download/to-no-case-1.0.2.tgz#c722907164ef6b178132c8e69930212d1b4aa16a"
  integrity sha1-xyKQcWTvaxeBMsjmmTAhLRtKoWo=

to-space-case@^1.0.0:
  version "1.0.0"
  resolved "https://registry.npm.alibaba-inc.com/to-space-case/download/to-space-case-1.0.0.tgz#b052daafb1b2b29dc770cea0163e5ec0ebc9fc17"
  integrity sha1-sFLar7Gysp3HcM6gFj5ewOvJ/Bc=
  dependencies:
    to-no-case "^1.0.0"

tslib@^1.9.3:
  version "1.14.1"
  resolved "https://registry.npm.alibaba-inc.com/tslib/download/tslib-1.14.1.tgz#cf2d38bdc34a134bcaf1091c41f6619e2f672d00"
  integrity sha1-zy04vcNKE0vK8QkcQfZhni9nLQA=

uri-js@^4.2.2:
  version "4.4.1"
  resolved "https://registry.npm.alibaba-inc.com/uri-js/download/uri-js-4.4.1.tgz#9b1a52595225859e55f669d928f88c6c57f2a77e"
  integrity sha1-mxpSWVIlhZ5V9mnZKPiMbFfyp34=
  dependencies:
    punycode "^2.1.0"

util-deprecate@^1.0.1:
  version "1.0.2"
  resolved "https://registry.npm.alibaba-inc.com/util-deprecate/download/util-deprecate-1.0.2.tgz#450d4dc9fa70de732762fbd2d4a28981419a0ccf"
  integrity sha1-RQ1Nyfpw3nMnYvvS1KKJgUGaDM8=

vscode-jsonrpc@6.0.0:
  version "6.0.0"
  resolved "https://registry.npm.alibaba-inc.com/vscode-jsonrpc/download/vscode-jsonrpc-6.0.0.tgz#108bdb09b4400705176b957ceca9e0880e9b6d4e"
  integrity sha1-EIvbCbRABwUXa5V87KngiA6bbU4=

vscode-languageserver-protocol@^3.14.1:
  version "3.16.0"
  resolved "https://registry.npm.alibaba-inc.com/vscode-languageserver-protocol/download/vscode-languageserver-protocol-3.16.0.tgz#34135b61a9091db972188a07d337406a3cdbe821"
  integrity sha1-NBNbYakJHblyGIoH0zdAajzb6CE=
  dependencies:
    vscode-jsonrpc "6.0.0"
    vscode-languageserver-types "3.16.0"

vscode-languageserver-types@3.16.0:
  version "3.16.0"
  resolved "https://registry.npm.alibaba-inc.com/vscode-languageserver-types/download/vscode-languageserver-types-3.16.0.tgz#ecf393fc121ec6974b2da3efb3155644c514e247"
  integrity sha1-7POT/BIexpdLLaPvsxVWRMUU4kc=

vscode-textmate@5.4.0:
  version "5.4.0"
  resolved "https://registry.npm.alibaba-inc.com/vscode-textmate/download/vscode-textmate-5.4.0.tgz#4b25ffc1f14ac3a90faf9a388c67a01d24257cd7"
  integrity sha1-SyX/wfFKw6kPr5o4jGegHSQlfNc=

vscode-uri@^3.0.2:
  version "3.0.3"
  resolved "https://registry.npm.alibaba-inc.com/vscode-uri/download/vscode-uri-3.0.3.tgz#a95c1ce2e6f41b7549f86279d19f47951e4f4d84"
  integrity sha512-EcswR2S8bpR7fD0YPeS7r2xXExrScVMxg4MedACaWHEtx9ftCF/qHG1xGkolzTPcEmjTavCQgbVzHUIdTMzFGA==

ws@^7.2.0:
  version "7.5.7"
  resolved "https://registry.npm.alibaba-inc.com/ws/download/ws-7.5.7.tgz#9e0ac77ee50af70d58326ecff7e85eb3fa375e67"
  integrity sha512-KMvVuFzpKBuiIXW3E4u3mySRO2/mCHSyZDJQM5NQ9Q9KHWHWh0NHgfbRMLLrceUK5qAL4ytALJbpRMjixFZh8A==

yallist@^2.1.2:
  version "2.1.2"
  resolved "https://registry.npm.alibaba-inc.com/yallist/download/yallist-2.1.2.tgz#1c11f9218f076089a47dd512f93c6699a6a81d52"
  integrity sha1-HBH5IY8HYImkfdUS+TxmmaaoHVI=
